
Microsoft Visual Studio Solution File, Format Version 12.00
# Visual Studio Version 17
VisualStudioVersion = 17.5.002.0
MinimumVisualStudioVersion = 10.0.40219.1
Project("{9A19103F-16F7-4668-BE54-9A1E7A4F7556}") = "dotnet-desafio-fundamentos", "dotnet-desafio-fundamentos.csproj", "{F8E04A28-872B-45A5-86BD-F1B276E0E50A}"
EndProject
Global
	GlobalSection(SolutionConfigurationPlatforms) = preSolution
		Debug|Any CPU = Debug|Any CPU
		Release|Any CPU = Release|Any CPU
	EndGlobalSection
	GlobalSection(ProjectConfigurationPlatforms) = postSolution
		{F8E04A28-872B-45A5-86BD-F1B276E0E50A}.Debug|Any CPU.ActiveCfg = Debug|Any CPU
		{F8E04A28-872B-45A5-86BD-F1B276E0E50A}.Debug|Any CPU.Build.0 = Debug|Any CPU
		{F8E04A28-872B-45A5-86BD-F1B276E0E50A}.Release|Any CPU.ActiveCfg = Release|Any CPU
		{F8E04A28-872B-45A5-86BD-F1B276E0E50A}.Release|Any CPU.Build.0 = Release|Any CPU
	EndGlobalSection
	GlobalSection(SolutionProperties) = preSolution
		HideSolutionNode = FALSE
	EndGlobalSection
	GlobalSection(ExtensibilityGlobals) = postSolution
		SolutionGuid = {9559C764-52AF-415E-A611-00EFA16196A3}
	EndGlobalSection
EndGlobal
